// !$*UTF8*$!
{
	archiveVersion = 1;
	classes = {
	};
	objectVersion = 46;
	objects = {

/* Begin PBXBuildFile section */
		17B5C0EAA647AD2FEB898B7C /* readme.md in Resources */ = {isa = PBXBuildFile; fileRef = 17B5CA1898FC7ACE03D0E7E3 /* readme.md */; };
		17B5C147FE9CBBC7E225427C /* GraphGroupDataSource.m in Sources */ = {isa = PBXBuildFile; fileRef = 17B5CD52465E80F8558E7187 /* GraphGroupDataSource.m */; };
		17B5C3B5636228E8831A2BAB /* LineChartTileView.m in Sources */ = {isa = PBXBuildFile; fileRef = 17B5C6D5491F2119D5747155 /* LineChartTileView.m */; };
		17B5C3CE46F1DF73AD4B2EEF /* ToolTipView.xib in Resources */ = {isa = PBXBuildFile; fileRef = 17B5CED2E0DA510430B0B2E6 /* ToolTipView.xib */; };
		17B5C6B6F9D5999A0DF5ECE1 /* LineChartTileView~ipad.xib in Resources */ = {isa = PBXBuildFile; fileRef = 17B5C57785032C43CDDAF990 /* LineChartTileView~ipad.xib */; };
		17B5C790A9588C7B1FEAD2CB /* GraphAxisView.m in Sources */ = {isa = PBXBuildFile; fileRef = 17B5C5C953BEC8CF22E67CDF /* GraphAxisView.m */; };
		17B5C92869F6DF576AC61D38 /* VerticallyAlignedLabel.m in Sources */ = {isa = PBXBuildFile; fileRef = 17B5CBBAB15EAE7CD51C0972 /* VerticallyAlignedLabel.m */; };
		17B5C9DB89B90F7AEFF32EF4 /* readme.md in Resources */ = {isa = PBXBuildFile; fileRef = 17B5C1FD7051CBB4769DF072 /* readme.md */; };
		17B5CA628B9160B82FE04A59 /* LineChartTileView.xib in Resources */ = {isa = PBXBuildFile; fileRef = 17B5CB3A6D10CAA42EF69210 /* LineChartTileView.xib */; };
		17B5CBD1E90358E4B5599A01 /* GraphValueModel.m in Sources */ = {isa = PBXBuildFile; fileRef = 17B5CAE5124EC7501A5CE86B /* GraphValueModel.m */; };
		17B5CC091FEA6D303C686494 /* LineChartGraphViewModel.m in Sources */ = {isa = PBXBuildFile; fileRef = 17B5CEB2BFFF656A2A1A0509 /* LineChartGraphViewModel.m */; };
		17B5CC329D4AFB50E2001520 /* LineChartViewController.m in Sources */ = {isa = PBXBuildFile; fileRef = 17B5C06929AFA3F289D52F4B /* LineChartViewController.m */; };
		17B5CD0A6B97C9D07E1CF406 /* ToolTipView.m in Sources */ = {isa = PBXBuildFile; fileRef = 17B5C1D0C4753F9322217C8C /* ToolTipView.m */; };
		17B5CEE6036C8017189BA3A3 /* LineChartPlotData.m in Sources */ = {isa = PBXBuildFile; fileRef = 17B5CCFFE1F508130A53A441 /* LineChartPlotData.m */; };
		73ED998B18E16C4500FF76D6 /* Foundation.framework in Frameworks */ = {isa = PBXBuildFile; fileRef = 73ED998A18E16C4500FF76D6 /* Foundation.framework */; };
		73ED998D18E16C4500FF76D6 /* CoreGraphics.framework in Frameworks */ = {isa = PBXBuildFile; fileRef = 73ED998C18E16C4500FF76D6 /* CoreGraphics.framework */; };
		73ED998F18E16C4500FF76D6 /* UIKit.framework in Frameworks */ = {isa = PBXBuildFile; fileRef = 73ED998E18E16C4500FF76D6 /* UIKit.framework */; };
		73ED999518E16C4500FF76D6 /* InfoPlist.strings in Resources */ = {isa = PBXBuildFile; fileRef = 73ED999318E16C4500FF76D6 /* InfoPlist.strings */; };
		73ED999718E16C4500FF76D6 /* main.m in Sources */ = {isa = PBXBuildFile; fileRef = 73ED999618E16C4500FF76D6 /* main.m */; };
		73ED999B18E16C4500FF76D6 /* AppDelegate.m in Sources */ = {isa = PBXBuildFile; fileRef = 73ED999A18E16C4500FF76D6 /* AppDelegate.m */; };
		73ED999E18E16C4500FF76D6 /* Main.storyboard in Resources */ = {isa = PBXBuildFile; fileRef = 73ED999C18E16C4500FF76D6 /* Main.storyboard */; };
		73ED99A618E16C4500FF76D6 /* Images.xcassets in Resources */ = {isa = PBXBuildFile; fileRef = 73ED99A518E16C4500FF76D6 /* Images.xcassets */; };
		73ED99AD18E16C4500FF76D6 /* XCTest.framework in Frameworks */ = {isa = PBXBuildFile; fileRef = 73ED99AC18E16C4500FF76D6 /* XCTest.framework */; };
		73ED99AE18E16C4500FF76D6 /* Foundation.framework in Frameworks */ = {isa = PBXBuildFile; fileRef = 73ED998A18E16C4500FF76D6 /* Foundation.framework */; };
		73ED99AF18E16C4500FF76D6 /* UIKit.framework in Frameworks */ = {isa = PBXBuildFile; fileRef = 73ED998E18E16C4500FF76D6 /* UIKit.framework */; };
		73ED99B718E16C4500FF76D6 /* InfoPlist.strings in Resources */ = {isa = PBXBuildFile; fileRef = 73ED99B518E16C4500FF76D6 /* InfoPlist.strings */; };
		73ED99B918E16C4500FF76D6 /* MultipleLineChartTests.m in Sources */ = {isa = PBXBuildFile; fileRef = 73ED99B818E16C4500FF76D6 /* MultipleLineChartTests.m */; };
		CABFAF09C378499BAD7454F8 /* libPods-MultipleLineChart.a in Frameworks */ = {isa = PBXBuildFile; fileRef = C074EB4687A04FABB49ED91E /* libPods-MultipleLineChart.a */; };
/* End PBXBuildFile section */

/* Begin PBXContainerItemProxy section */
		73ED99B018E16C4500FF76D6 /* PBXContainerItemProxy */ = {
			isa = PBXContainerItemProxy;
			containerPortal = 73ED997F18E16C4500FF76D6 /* Project object */;
			proxyType = 1;
			remoteGlobalIDString = 73ED998618E16C4500FF76D6;
			remoteInfo = MultipleLineChart;
		};
/* End PBXContainerItemProxy section */

/* Begin PBXFileReference section */
		17B5C06929AFA3F289D52F4B /* LineChartViewController.m */ = {isa = PBXFileReference; fileEncoding = 4; lastKnownFileType = sourcecode.c.objc; path = LineChartViewController.m; sourceTree = "<group>"; };
		17B5C1D0C4753F9322217C8C /* ToolTipView.m */ = {isa = PBXFileReference; fileEncoding = 4; lastKnownFileType = sourcecode.c.objc; path = ToolTipView.m; sourceTree = "<group>"; };
		17B5C1FD7051CBB4769DF072 /* readme.md */ = {isa = PBXFileReference; lastKnownFileType = file.md; path = readme.md; sourceTree = "<group>"; };
		17B5C57785032C43CDDAF990 /* LineChartTileView~ipad.xib */ = {isa = PBXFileReference; lastKnownFileType = file.xib; path = "LineChartTileView~ipad.xib"; sourceTree = "<group>"; };
		17B5C5B58C095FED7767FBAE /* ToolTipView.h */ = {isa = PBXFileReference; fileEncoding = 4; lastKnownFileType = sourcecode.c.h; path = ToolTipView.h; sourceTree = "<group>"; };
		17B5C5C123B6B335C8D037B2 /* LineChartTileView.h */ = {isa = PBXFileReference; fileEncoding = 4; lastKnownFileType = sourcecode.c.h; path = LineChartTileView.h; sourceTree = "<group>"; };
		17B5C5C953BEC8CF22E67CDF /* GraphAxisView.m */ = {isa = PBXFileReference; fileEncoding = 4; lastKnownFileType = sourcecode.c.objc; path = GraphAxisView.m; sourceTree = "<group>"; };
		17B5C6D5491F2119D5747155 /* LineChartTileView.m */ = {isa = PBXFileReference; fileEncoding = 4; lastKnownFileType = sourcecode.c.objc; path = LineChartTileView.m; sourceTree = "<group>"; };
		17B5C706325EAB7230FB19B6 /* LineChartGraphViewModel.h */ = {isa = PBXFileReference; fileEncoding = 4; lastKnownFileType = sourcecode.c.h; path = LineChartGraphViewModel.h; sourceTree = "<group>"; };
		17B5C787B44A388C10D2341F /* GraphValueModel.h */ = {isa = PBXFileReference; fileEncoding = 4; lastKnownFileType = sourcecode.c.h; path = GraphValueModel.h; sourceTree = "<group>"; };
		17B5C7E81E50ABB653C2D8F2 /* VerticallyAlignedLabel.h */ = {isa = PBXFileReference; fileEncoding = 4; lastKnownFileType = sourcecode.c.h; path = VerticallyAlignedLabel.h; sourceTree = "<group>"; };
		17B5C92C53AA44696F689FF7 /* LineChartViewController.h */ = {isa = PBXFileReference; fileEncoding = 4; lastKnownFileType = sourcecode.c.h; path = LineChartViewController.h; sourceTree = "<group>"; };
		17B5C991DCD4F3FFA017F482 /* GraphGroupDataSource.h */ = {isa = PBXFileReference; fileEncoding = 4; lastKnownFileType = sourcecode.c.h; path = GraphGroupDataSource.h; sourceTree = "<group>"; };
		17B5CA1898FC7ACE03D0E7E3 /* readme.md */ = {isa = PBXFileReference; lastKnownFileType = file.md; path = readme.md; sourceTree = "<group>"; };
		17B5CAE5124EC7501A5CE86B /* GraphValueModel.m */ = {isa = PBXFileReference; fileEncoding = 4; lastKnownFileType = sourcecode.c.objc; path = GraphValueModel.m; sourceTree = "<group>"; };
		17B5CB3A6D10CAA42EF69210 /* LineChartTileView.xib */ = {isa = PBXFileReference; lastKnownFileType = file.xib; path = LineChartTileView.xib; sourceTree = "<group>"; };
		17B5CBBAB15EAE7CD51C0972 /* VerticallyAlignedLabel.m */ = {isa = PBXFileReference; fileEncoding = 4; lastKnownFileType = sourcecode.c.objc; path = VerticallyAlignedLabel.m; sourceTree = "<group>"; };
		17B5CCFFE1F508130A53A441 /* LineChartPlotData.m */ = {isa = PBXFileReference; fileEncoding = 4; lastKnownFileType = sourcecode.c.objc; path = LineChartPlotData.m; sourceTree = "<group>"; };
		17B5CD3BBE5A9C6E264ABE8F /* GraphAxisView.h */ = {isa = PBXFileReference; fileEncoding = 4; lastKnownFileType = sourcecode.c.h; path = GraphAxisView.h; sourceTree = "<group>"; };
		17B5CD52465E80F8558E7187 /* GraphGroupDataSource.m */ = {isa = PBXFileReference; fileEncoding = 4; lastKnownFileType = sourcecode.c.objc; path = GraphGroupDataSource.m; sourceTree = "<group>"; };
		17B5CEB2BFFF656A2A1A0509 /* LineChartGraphViewModel.m */ = {isa = PBXFileReference; fileEncoding = 4; lastKnownFileType = sourcecode.c.objc; path = LineChartGraphViewModel.m; sourceTree = "<group>"; };
		17B5CED2E0DA510430B0B2E6 /* ToolTipView.xib */ = {isa = PBXFileReference; lastKnownFileType = file.xib; path = ToolTipView.xib; sourceTree = "<group>"; };
		17B5CF284363AD5C66C8797C /* LineChartPlotData.h */ = {isa = PBXFileReference; fileEncoding = 4; lastKnownFileType = sourcecode.c.h; path = LineChartPlotData.h; sourceTree = "<group>"; };
		1D52E3BD84B64EC8B9B6B174 /* Pods-MultipleLineChart.xcconfig */ = {isa = PBXFileReference; includeInIndex = 1; lastKnownFileType = text.xcconfig; name = "Pods-MultipleLineChart.xcconfig"; path = "Pods/Pods-MultipleLineChart.xcconfig"; sourceTree = "<group>"; };
		73ED998718E16C4500FF76D6 /* MultipleLineChart.app */ = {isa = PBXFileReference; explicitFileType = wrapper.application; includeInIndex = 0; path = MultipleLineChart.app; sourceTree = BUILT_PRODUCTS_DIR; };
		73ED998A18E16C4500FF76D6 /* Foundation.framework */ = {isa = PBXFileReference; lastKnownFileType = wrapper.framework; name = Foundation.framework; path = System/Library/Frameworks/Foundation.framework; sourceTree = SDKROOT; };
		73ED998C18E16C4500FF76D6 /* CoreGraphics.framework */ = {isa = PBXFileReference; lastKnownFileType = wrapper.framework; name = CoreGraphics.framework; path = System/Library/Frameworks/CoreGraphics.framework; sourceTree = SDKROOT; };
		73ED998E18E16C4500FF76D6 /* UIKit.framework */ = {isa = PBXFileReference; lastKnownFileType = wrapper.framework; name = UIKit.framework; path = System/Library/Frameworks/UIKit.framework; sourceTree = SDKROOT; };
		73ED999218E16C4500FF76D6 /* MultipleLineChart-Info.plist */ = {isa = PBXFileReference; lastKnownFileType = text.plist.xml; path = "MultipleLineChart-Info.plist"; sourceTree = "<group>"; };
		73ED999418E16C4500FF76D6 /* en */ = {isa = PBXFileReference; lastKnownFileType = text.plist.strings; name = en; path = en.lproj/InfoPlist.strings; sourceTree = "<group>"; };
		73ED999618E16C4500FF76D6 /* main.m */ = {isa = PBXFileReference; lastKnownFileType = sourcecode.c.objc; path = main.m; sourceTree = "<group>"; };
		73ED999818E16C4500FF76D6 /* MultipleLineChart-Prefix.pch */ = {isa = PBXFileReference; lastKnownFileType = sourcecode.c.h; path = "MultipleLineChart-Prefix.pch"; sourceTree = "<group>"; };
		73ED999918E16C4500FF76D6 /* AppDelegate.h */ = {isa = PBXFileReference; lastKnownFileType = sourcecode.c.h; path = AppDelegate.h; sourceTree = "<group>"; };
		73ED999A18E16C4500FF76D6 /* AppDelegate.m */ = {isa = PBXFileReference; lastKnownFileType = sourcecode.c.objc; path = AppDelegate.m; sourceTree = "<group>"; };
		73ED999D18E16C4500FF76D6 /* Base */ = {isa = PBXFileReference; lastKnownFileType = file.storyboard; name = Base; path = Base.lproj/Main.storyboard; sourceTree = "<group>"; };
		73ED99A518E16C4500FF76D6 /* Images.xcassets */ = {isa = PBXFileReference; lastKnownFileType = folder.assetcatalog; path = Images.xcassets; sourceTree = "<group>"; };
		73ED99AB18E16C4500FF76D6 /* MultipleLineChartTests.xctest */ = {isa = PBXFileReference; explicitFileType = wrapper.cfbundle; includeInIndex = 0; path = MultipleLineChartTests.xctest; sourceTree = BUILT_PRODUCTS_DIR; };
		73ED99AC18E16C4500FF76D6 /* XCTest.framework */ = {isa = PBXFileReference; lastKnownFileType = wrapper.framework; name = XCTest.framework; path = Library/Frameworks/XCTest.framework; sourceTree = DEVELOPER_DIR; };
		73ED99B418E16C4500FF76D6 /* MultipleLineChartTests-Info.plist */ = {isa = PBXFileReference; lastKnownFileType = text.plist.xml; path = "MultipleLineChartTests-Info.plist"; sourceTree = "<group>"; };
		73ED99B618E16C4500FF76D6 /* en */ = {isa = PBXFileReference; lastKnownFileType = text.plist.strings; name = en; path = en.lproj/InfoPlist.strings; sourceTree = "<group>"; };
		73ED99B818E16C4500FF76D6 /* MultipleLineChartTests.m */ = {isa = PBXFileReference; lastKnownFileType = sourcecode.c.objc; path = MultipleLineChartTests.m; sourceTree = "<group>"; };
		C074EB4687A04FABB49ED91E /* libPods-MultipleLineChart.a */ = {isa = PBXFileReference; explicitFileType = archive.ar; includeInIndex = 0; path = "libPods-MultipleLineChart.a"; sourceTree = BUILT_PRODUCTS_DIR; };
/* End PBXFileReference section */

/* Begin PBXFrameworksBuildPhase section */
		73ED998418E16C4500FF76D6 /* Frameworks */ = {
			isa = PBXFrameworksBuildPhase;
			buildActionMask = 2147483647;
			files = (
				73ED998D18E16C4500FF76D6 /* CoreGraphics.framework in Frameworks */,
				73ED998F18E16C4500FF76D6 /* UIKit.framework in Frameworks */,
				73ED998B18E16C4500FF76D6 /* Foundation.framework in Frameworks */,
				CABFAF09C378499BAD7454F8 /* libPods-MultipleLineChart.a in Frameworks */,
			);
			runOnlyForDeploymentPostprocessing = 0;
		};
		73ED99A818E16C4500FF76D6 /* Frameworks */ = {
			isa = PBXFrameworksBuildPhase;
			buildActionMask = 2147483647;
			files = (
				73ED99AD18E16C4500FF76D6 /* XCTest.framework in Frameworks */,
				73ED99AF18E16C4500FF76D6 /* UIKit.framework in Frameworks */,
				73ED99AE18E16C4500FF76D6 /* Foundation.framework in Frameworks */,
			);
			runOnlyForDeploymentPostprocessing = 0;
		};
/* End PBXFrameworksBuildPhase section */

/* Begin PBXGroup section */
		17B5C3E365436182372EE700 /* ToolTipView */ = {
			isa = PBXGroup;
			children = (
				17B5C5B58C095FED7767FBAE /* ToolTipView.h */,
				17B5C1D0C4753F9322217C8C /* ToolTipView.m */,
				17B5CED2E0DA510430B0B2E6 /* ToolTipView.xib */,
				17B5C7E81E50ABB653C2D8F2 /* VerticallyAlignedLabel.h */,
				17B5CBBAB15EAE7CD51C0972 /* VerticallyAlignedLabel.m */,
			);
			path = ToolTipView;
			sourceTree = "<group>";
		};
		17B5C5AA497553092F0A6D3A /* GraphView */ = {
			isa = PBXGroup;
			children = (
				17B5C1FD7051CBB4769DF072 /* readme.md */,
				17B5CABC2C2743260ACF7ECA /* GraphViewController */,
				17B5C85929558FEEBDA9E00B /* GraphModel */,
			);
			path = GraphView;
			sourceTree = "<group>";
		};
		17B5C62750A346630B8673A1 /* LineChartTileView */ = {
			isa = PBXGroup;
			children = (
				17B5C5C123B6B335C8D037B2 /* LineChartTileView.h */,
				17B5C6D5491F2119D5747155 /* LineChartTileView.m */,
				17B5CB3A6D10CAA42EF69210 /* LineChartTileView.xib */,
				17B5C57785032C43CDDAF990 /* LineChartTileView~ipad.xib */,
			);
			path = LineChartTileView;
			sourceTree = "<group>";
		};
		17B5C85929558FEEBDA9E00B /* GraphModel */ = {
			isa = PBXGroup;
			children = (
				17B5C787B44A388C10D2341F /* GraphValueModel.h */,
				17B5CAE5124EC7501A5CE86B /* GraphValueModel.m */,
				17B5CF284363AD5C66C8797C /* LineChartPlotData.h */,
				17B5CCFFE1F508130A53A441 /* LineChartPlotData.m */,
				17B5C991DCD4F3FFA017F482 /* GraphGroupDataSource.h */,
				17B5CD52465E80F8558E7187 /* GraphGroupDataSource.m */,
			);
			path = GraphModel;
			sourceTree = "<group>";
		};
		17B5CABC2C2743260ACF7ECA /* GraphViewController */ = {
			isa = PBXGroup;
			children = (
				17B5CD11C91DD66D005F1B6C /* AxisView */,
				17B5C3E365436182372EE700 /* ToolTipView */,
				17B5C62750A346630B8673A1 /* LineChartTileView */,
				17B5C706325EAB7230FB19B6 /* LineChartGraphViewModel.h */,
				17B5CEB2BFFF656A2A1A0509 /* LineChartGraphViewModel.m */,
				17B5C92C53AA44696F689FF7 /* LineChartViewController.h */,
				17B5C06929AFA3F289D52F4B /* LineChartViewController.m */,
			);
			path = GraphViewController;
			sourceTree = "<group>";
		};
		17B5CD11C91DD66D005F1B6C /* AxisView */ = {
			isa = PBXGroup;
			children = (
				17B5CD3BBE5A9C6E264ABE8F /* GraphAxisView.h */,
				17B5C5C953BEC8CF22E67CDF /* GraphAxisView.m */,
			);
			path = AxisView;
			sourceTree = "<group>";
		};
		73ED997E18E16C4500FF76D6 = {
			isa = PBXGroup;
			children = (
				73ED999018E16C4500FF76D6 /* MultipleLineChart */,
				73ED99B218E16C4500FF76D6 /* MultipleLineChartTests */,
				73ED998918E16C4500FF76D6 /* Frameworks */,
				73ED998818E16C4500FF76D6 /* Products */,
				1D52E3BD84B64EC8B9B6B174 /* Pods-MultipleLineChart.xcconfig */,
				17B5CA1898FC7ACE03D0E7E3 /* readme.md */,
			);
			sourceTree = "<group>";
		};
		73ED998818E16C4500FF76D6 /* Products */ = {
			isa = PBXGroup;
			children = (
				73ED998718E16C4500FF76D6 /* MultipleLineChart.app */,
				73ED99AB18E16C4500FF76D6 /* MultipleLineChartTests.xctest */,
			);
			name = Products;
			sourceTree = "<group>";
		};
		73ED998918E16C4500FF76D6 /* Frameworks */ = {
			isa = PBXGroup;
			children = (
				73ED998A18E16C4500FF76D6 /* Foundation.framework */,
				73ED998C18E16C4500FF76D6 /* CoreGraphics.framework */,
				73ED998E18E16C4500FF76D6 /* UIKit.framework */,
				73ED99AC18E16C4500FF76D6 /* XCTest.framework */,
				C074EB4687A04FABB49ED91E /* libPods-MultipleLineChart.a */,
			);
			name = Frameworks;
			sourceTree = "<group>";
		};
		73ED999018E16C4500FF76D6 /* MultipleLineChart */ = {
			isa = PBXGroup;
			children = (
				73ED999918E16C4500FF76D6 /* AppDelegate.h */,
				73ED999A18E16C4500FF76D6 /* AppDelegate.m */,
				73ED999C18E16C4500FF76D6 /* Main.storyboard */,
				73ED99A518E16C4500FF76D6 /* Images.xcassets */,
				73ED999118E16C4500FF76D6 /* Supporting Files */,
				17B5C5AA497553092F0A6D3A /* GraphView */,
			);
			path = MultipleLineChart;
			sourceTree = "<group>";
		};
		73ED999118E16C4500FF76D6 /* Supporting Files */ = {
			isa = PBXGroup;
			children = (
				73ED999218E16C4500FF76D6 /* MultipleLineChart-Info.plist */,
				73ED999318E16C4500FF76D6 /* InfoPlist.strings */,
				73ED999618E16C4500FF76D6 /* main.m */,
				73ED999818E16C4500FF76D6 /* MultipleLineChart-Prefix.pch */,
			);
			name = "Supporting Files";
			sourceTree = "<group>";
		};
		73ED99B218E16C4500FF76D6 /* MultipleLineChartTests */ = {
			isa = PBXGroup;
			children = (
				73ED99B818E16C4500FF76D6 /* MultipleLineChartTests.m */,
				73ED99B318E16C4500FF76D6 /* Supporting Files */,
			);
			path = MultipleLineChartTests;
			sourceTree = "<group>";
		};
		73ED99B318E16C4500FF76D6 /* Supporting Files */ = {
			isa = PBXGroup;
			children = (
				73ED99B418E16C4500FF76D6 /* MultipleLineChartTests-Info.plist */,
				73ED99B518E16C4500FF76D6 /* InfoPlist.strings */,
			);
			name = "Supporting Files";
			sourceTree = "<group>";
		};
/* End PBXGroup section */

/* Begin PBXNativeTarget section */
		73ED998618E16C4500FF76D6 /* MultipleLineChart */ = {
			isa = PBXNativeTarget;
			buildConfigurationList = 73ED99BC18E16C4500FF76D6 /* Build configuration list for PBXNativeTarget "MultipleLineChart" */;
			buildPhases = (
				E0F6F2B21BE648A38E0DFD3A /* Check Pods Manifest.lock */,
				73ED998318E16C4500FF76D6 /* Sources */,
				73ED998418E16C4500FF76D6 /* Frameworks */,
				73ED998518E16C4500FF76D6 /* Resources */,
				F2FBE8A48D8D4FD0A6D4DEE5 /* Copy Pods Resources */,
			);
			buildRules = (
			);
			dependencies = (
			);
			name = MultipleLineChart;
			productName = MultipleLineChart;
			productReference = 73ED998718E16C4500FF76D6 /* MultipleLineChart.app */;
			productType = "com.apple.product-type.application";
		};
		73ED99AA18E16C4500FF76D6 /* MultipleLineChartTests */ = {
			isa = PBXNativeTarget;
			buildConfigurationList = 73ED99BF18E16C4500FF76D6 /* Build configuration list for PBXNativeTarget "MultipleLineChartTests" */;
			buildPhases = (
				73ED99A718E16C4500FF76D6 /* Sources */,
				73ED99A818E16C4500FF76D6 /* Frameworks */,
				73ED99A918E16C4500FF76D6 /* Resources */,
			);
			buildRules = (
			);
			dependencies = (
				73ED99B118E16C4500FF76D6 /* PBXTargetDependency */,
			);
			name = MultipleLineChartTests;
			productName = MultipleLineChartTests;
			productReference = 73ED99AB18E16C4500FF76D6 /* MultipleLineChartTests.xctest */;
			productType = "com.apple.product-type.bundle.unit-test";
		};
/* End PBXNativeTarget section */

/* Begin PBXProject section */
		73ED997F18E16C4500FF76D6 /* Project object */ = {
			isa = PBXProject;
			attributes = {
				LastUpgradeCheck = 0500;
				ORGANIZATIONNAME = azu;
				TargetAttributes = {
					73ED99AA18E16C4500FF76D6 = {
						TestTargetID = 73ED998618E16C4500FF76D6;
					};
				};
			};
			buildConfigurationList = 73ED998218E16C4500FF76D6 /* Build configuration list for PBXProject "MultipleLineChart" */;
			compatibilityVersion = "Xcode 3.2";
			developmentRegion = English;
			hasScannedForEncodings = 0;
			knownRegions = (
				en,
				Base,
			);
			mainGroup = 73ED997E18E16C4500FF76D6;
			productRefGroup = 73ED998818E16C4500FF76D6 /* Products */;
			projectDirPath = "";
			projectRoot = "";
			targets = (
				73ED998618E16C4500FF76D6 /* MultipleLineChart */,
				73ED99AA18E16C4500FF76D6 /* MultipleLineChartTests */,
			);
		};
/* End PBXProject section */

/* Begin PBXResourcesBuildPhase section */
		73ED998518E16C4500FF76D6 /* Resources */ = {
			isa = PBXResourcesBuildPhase;
			buildActionMask = 2147483647;
			files = (
				73ED99A618E16C4500FF76D6 /* Images.xcassets in Resources */,
				73ED999518E16C4500FF76D6 /* InfoPlist.strings in Resources */,
				73ED999E18E16C4500FF76D6 /* Main.storyboard in Resources */,
				17B5C9DB89B90F7AEFF32EF4 /* readme.md in Resources */,
				17B5C3CE46F1DF73AD4B2EEF /* ToolTipView.xib in Resources */,
				17B5CA628B9160B82FE04A59 /* LineChartTileView.xib in Resources */,
				17B5C6B6F9D5999A0DF5ECE1 /* LineChartTileView~ipad.xib in Resources */,
				17B5C0EAA647AD2FEB898B7C /* readme.md in Resources */,
			);
			runOnlyForDeploymentPostprocessing = 0;
		};
		73ED99A918E16C4500FF76D6 /* Resources */ = {
			isa = PBXResourcesBuildPhase;
			buildActionMask = 2147483647;
			files = (
				73ED99B718E16C4500FF76D6 /* InfoPlist.strings in Resources */,
			);
			runOnlyForDeploymentPostprocessing = 0;
		};
/* End PBXResourcesBuildPhase section */

/* Begin PBXShellScriptBuildPhase section */
		E0F6F2B21BE648A38E0DFD3A /* Check Pods Manifest.lock */ = {
			isa = PBXShellScriptBuildPhase;
			buildActionMask = 2147483647;
			files = (
			);
			inputPaths = (
			);
			name = "Check Pods Manifest.lock";
			outputPaths = (
			);
			runOnlyForDeploymentPostprocessing = 0;
			shellPath = /bin/sh;
			shellScript = "diff \"${PODS_ROOT}/../Podfile.lock\" \"${PODS_ROOT}/Manifest.lock\" > /dev/null\nif [[ $? != 0 ]] ; then\n    cat << EOM\nerror: The sandbox is not in sync with the Podfile.lock. Run 'pod install' or update your CocoaPods installation.\nEOM\n    exit 1\nfi\n";
			showEnvVarsInLog = 0;
		};
		F2FBE8A48D8D4FD0A6D4DEE5 /* Copy Pods Resources */ = {
			isa = PBXShellScriptBuildPhase;
			buildActionMask = 2147483647;
			files = (
			);
			inputPaths = (
			);
			name = "Copy Pods Resources";
			outputPaths = (
			);
			runOnlyForDeploymentPostprocessing = 0;
			shellPath = /bin/sh;
			shellScript = "\"${SRCROOT}/Pods/Pods-MultipleLineChart-resources.sh\"\n";
			showEnvVarsInLog = 0;
		};
/* End PBXShellScriptBuildPhase section */

/* Begin PBXSourcesBuildPhase section */
		73ED998318E16C4500FF76D6 /* Sources */ = {
			isa = PBXSourcesBuildPhase;
			buildActionMask = 2147483647;
			files = (
				73ED999B18E16C4500FF76D6 /* AppDelegate.m in Sources */,
				73ED999718E16C4500FF76D6 /* main.m in Sources */,
				17B5C790A9588C7B1FEAD2CB /* GraphAxisView.m in Sources */,
				17B5CD0A6B97C9D07E1CF406 /* ToolTipView.m in Sources */,
				17B5C92869F6DF576AC61D38 /* VerticallyAlignedLabel.m in Sources */,
				17B5C3B5636228E8831A2BAB /* LineChartTileView.m in Sources */,
				17B5CC091FEA6D303C686494 /* LineChartGraphViewModel.m in Sources */,
				17B5CC329D4AFB50E2001520 /* LineChartViewController.m in Sources */,
				17B5CBD1E90358E4B5599A01 /* GraphValueModel.m in Sources */,
				17B5CEE6036C8017189BA3A3 /* LineChartPlotData.m in Sources */,
				17B5C147FE9CBBC7E225427C /* GraphGroupDataSource.m in Sources */,
			);
			runOnlyForDeploymentPostprocessing = 0;
		};
		73ED99A718E16C4500FF76D6 /* Sources */ = {
			isa = PBXSourcesBuildPhase;
			buildActionMask = 2147483647;
			files = (
				73ED99B918E16C4500FF76D6 /* MultipleLineChartTests.m in Sources */,
			);
			runOnlyForDeploymentPostprocessing = 0;
		};
/* End PBXSourcesBuildPhase section */

/* Begin PBXTargetDependency section */
		73ED99B118E16C4500FF76D6 /* PBXTargetDependency */ = {
			isa = PBXTargetDependency;
			target = 73ED998618E16C4500FF76D6 /* MultipleLineChart */;
			targetProxy = 73ED99B018E16C4500FF76D6 /* PBXContainerItemProxy */;
		};
/* End PBXTargetDependency section */

/* Begin PBXVariantGroup section */
		73ED999318E16C4500FF76D6 /* InfoPlist.strings */ = {
			isa = PBXVariantGroup;
			children = (
				73ED999418E16C4500FF76D6 /* en */,
			);
			name = InfoPlist.strings;
			sourceTree = "<group>";
		};
		73ED999C18E16C4500FF76D6 /* Main.storyboard */ = {
			isa = PBXVariantGroup;
			children = (
				73ED999D18E16C4500FF76D6 /* Base */,
			);
			name = Main.storyboard;
			sourceTree = "<group>";
		};
		73ED99B518E16C4500FF76D6 /* InfoPlist.strings */ = {
			isa = PBXVariantGroup;
			children = (
				73ED99B618E16C4500FF76D6 /* en */,
			);
			name = InfoPlist.strings;
			sourceTree = "<group>";
		};
/* End PBXVariantGroup section */

/* Begin XCBuildConfiguration section */
		73ED99BA18E16C4500FF76D6 /* Debug */ = {
			isa = XCBuildConfiguration;
			buildSettings = {
				ALWAYS_SEARCH_USER_PATHS = NO;
				ARCHS = "$(ARCHS_STANDARD_INCLUDING_64_BIT)";
				CLANG_CXX_LANGUAGE_STANDARD = "gnu++0x";
				CLANG_CXX_LIBRARY = "libc++";
				CLANG_ENABLE_MODULES = YES;
				CLANG_ENABLE_OBJC_ARC = YES;
				CLANG_WARN_BOOL_CONVERSION = YES;
				CLANG_WARN_CONSTANT_CONVERSION = YES;
				CLANG_WARN_DIRECT_OBJC_ISA_USAGE = YES_ERROR;
				CLANG_WARN_EMPTY_BODY = YES;
				CLANG_WARN_ENUM_CONVERSION = YES;
				CLANG_WARN_INT_CONVERSION = YES;
				CLANG_WARN_OBJC_ROOT_CLASS = YES_ERROR;
				CLANG_WARN__DUPLICATE_METHOD_MATCH = YES;
				"CODE_SIGN_IDENTITY[sdk=iphoneos*]" = "iPhone Developer";
				COPY_PHASE_STRIP = NO;
				GCC_C_LANGUAGE_STANDARD = gnu99;
				GCC_DYNAMIC_NO_PIC = NO;
				GCC_OPTIMIZATION_LEVEL = 0;
				GCC_PREPROCESSOR_DEFINITIONS = (
					"DEBUG=1",
					"$(inherited)",
				);
				GCC_SYMBOLS_PRIVATE_EXTERN = NO;
				GCC_WARN_64_TO_32_BIT_CONVERSION = YES;
				GCC_WARN_ABOUT_RETURN_TYPE = YES_ERROR;
				GCC_WARN_UNDECLARED_SELECTOR = YES;
				GCC_WARN_UNINITIALIZED_AUTOS = YES;
				GCC_WARN_UNUSED_FUNCTION = YES;
				GCC_WARN_UNUSED_VARIABLE = YES;
				IPHONEOS_DEPLOYMENT_TARGET = 7.0;
				ONLY_ACTIVE_ARCH = YES;
				SDKROOT = iphoneos;
			};
			name = Debug;
		};
		73ED99BB18E16C4500FF76D6 /* Release */ = {
			isa = XCBuildConfiguration;
			buildSettings = {
				ALWAYS_SEARCH_USER_PATHS = NO;
				ARCHS = "$(ARCHS_STANDARD_INCLUDING_64_BIT)";
				CLANG_CXX_LANGUAGE_STANDARD = "gnu++0x";
				CLANG_CXX_LIBRARY = "libc++";
				CLANG_ENABLE_MODULES = YES;
				CLANG_ENABLE_OBJC_ARC = YES;
				CLANG_WARN_BOOL_CONVERSION = YES;
				CLANG_WARN_CONSTANT_CONVERSION = YES;
				CLANG_WARN_DIRECT_OBJC_ISA_USAGE = YES_ERROR;
				CLANG_WARN_EMPTY_BODY = YES;
				CLANG_WARN_ENUM_CONVERSION = YES;
				CLANG_WARN_INT_CONVERSION = YES;
				CLANG_WARN_OBJC_ROOT_CLASS = YES_ERROR;
				CLANG_WARN__DUPLICATE_METHOD_MATCH = YES;
				"CODE_SIGN_IDENTITY[sdk=iphoneos*]" = "iPhone Developer";
				COPY_PHASE_STRIP = YES;
				ENABLE_NS_ASSERTIONS = NO;
				GCC_C_LANGUAGE_STANDARD = gnu99;
				GCC_WARN_64_TO_32_BIT_CONVERSION = YES;
				GCC_WARN_ABOUT_RETURN_TYPE = YES_ERROR;
				GCC_WARN_UNDECLARED_SELECTOR = YES;
				GCC_WARN_UNINITIALIZED_AUTOS = YES;
				GCC_WARN_UNUSED_FUNCTION = YES;
				GCC_WARN_UNUSED_VARIABLE = YES;
				IPHONEOS_DEPLOYMENT_TARGET = 7.0;
				SDKROOT = iphoneos;
				VALIDATE_PRODUCT = YES;
			};
			name = Release;
		};
		73ED99BD18E16C4500FF76D6 /* Debug */ = {
			isa = XCBuildConfiguration;
			baseConfigurationReference = 1D52E3BD84B64EC8B9B6B174 /* Pods-MultipleLineChart.xcconfig */;
			buildSettings = {
				ASSETCATALOG_COMPILER_APPICON_NAME = AppIcon;
				ASSETCATALOG_COMPILER_LAUNCHIMAGE_NAME = LaunchImage;
				GCC_PRECOMPILE_PREFIX_HEADER = YES;
				GCC_PREFIX_HEADER = "MultipleLineChart/MultipleLineChart-Prefix.pch";
				INFOPLIST_FILE = "MultipleLineChart/MultipleLineChart-Info.plist";
				PRODUCT_NAME = "$(TARGET_NAME)";
				USER_HEADER_SEARCH_PATHS = "\"${PROJECT_DIR}/Pods\"/**";
				WRAPPER_EXTENSION = app;
			};
			name = Debug;
		};
		73ED99BE18E16C4500FF76D6 /* Release */ = {
			isa = XCBuildConfiguration;
			baseConfigurationReference = 1D52E3BD84B64EC8B9B6B174 /* Pods-MultipleLineChart.xcconfig */;
			buildSettings = {
				ASSETCATALOG_COMPILER_APPICON_NAME = AppIcon;
				ASSETCATALOG_COMPILER_LAUNCHIMAGE_NAME = LaunchImage;
				GCC_PRECOMPILE_PREFIX_HEADER = YES;
				GCC_PREFIX_HEADER = "MultipleLineChart/MultipleLineChart-Prefix.pch";
				INFOPLIST_FILE = "MultipleLineChart/MultipleLineChart-Info.plist";
				PRODUCT_NAME = "$(TARGET_NAME)";
				USER_HEADER_SEARCH_PATHS = "\"${PROJECT_DIR}/Pods\"/**";
				WRAPPER_EXTENSION = app;
			};
			name = Release;
		};
		73ED99C018E16C4500FF76D6 /* Debug */ = {
			isa = XCBuildConfiguration;
			buildSettings = {
				ARCHS = "$(ARCHS_STANDARD_INCLUDING_64_BIT)";
				BUNDLE_LOADER = "$(BUILT_PRODUCTS_DIR)/MultipleLineChart.app/MultipleLineChart";
				FRAMEWORK_SEARCH_PATHS = (
					"$(SDKROOT)/Developer/Library/Frameworks",
					"$(inherited)",
					"$(DEVELOPER_FRAMEWORKS_DIR)",
				);
				GCC_PRECOMPILE_PREFIX_HEADER = YES;
				GCC_PREFIX_HEADER = "MultipleLineChart/MultipleLineChart-Prefix.pch";
				GCC_PREPROCESSOR_DEFINITIONS = (
					"DEBUG=1",
					"$(inherited)",
				);
				INFOPLIST_FILE = "MultipleLineChartTests/MultipleLineChartTests-Info.plist";
				PRODUCT_NAME = "$(TARGET_NAME)";
				TEST_HOST = "$(BUNDLE_LOADER)";
				WRAPPER_EXTENSION = xctest;
			};
			name = Debug;
		};
		73ED99C118E16C4500FF76D6 /* Release */ = {
			isa = XCBuildConfiguration;
			buildSettings = {
				ARCHS = "$(ARCHS_STANDARD_INCLUDING_64_BIT)";
				BUNDLE_LOADER = "$(BUILT_PRODUCTS_DIR)/MultipleLineChart.app/MultipleLineChart";
				FRAMEWORK_SEARCH_PATHS = (
					"$(SDKROOT)/Developer/Library/Frameworks",
					"$(inherited)",
					"$(DEVELOPER_FRAMEWORKS_DIR)",
				);
				GCC_PRECOMPILE_PREFIX_HEADER = YES;
				GCC_PREFIX_HEADER = "MultipleLineChart/MultipleLineChart-Prefix.pch";
				INFOPLIST_FILE = "MultipleLineChartTests/MultipleLineChartTests-Info.plist";
				PRODUCT_NAME = "$(TARGET_NAME)";
				TEST_HOST = "$(BUNDLE_LOADER)";
				WRAPPER_EXTENSION = xctest;
			};
			name = Release;
		};
/* End XCBuildConfiguration section */

/* Begin XCConfigurationList section */
		73ED998218E16C4500FF76D6 /* Build configuration list for PBXProject "MultipleLineChart" */ = {
			isa = XCConfigurationList;
			buildConfigurations = (
				73ED99BA18E16C4500FF76D6 /* Debug */,
				73ED99BB18E16C4500FF76D6 /* Release */,
			);
			defaultConfigurationIsVisible = 0;
			defaultConfigurationName = Release;
		};
		73ED99BC18E16C4500FF76D6 /* Build configuration list for PBXNativeTarget "MultipleLineChart" */ = {
			isa = XCConfigurationList;
			buildConfigurations = (
				73ED99BD18E16C4500FF76D6 /* Debug */,
				73ED99BE18E16C4500FF76D6 /* Release */,
			);
			defaultConfigurationIsVisible = 0;
			defaultConfigurationName = Release;
		};
		73ED99BF18E16C4500FF76D6 /* Build configuration list for PBXNativeTarget "MultipleLineChartTests" */ = {
			isa = XCConfigurationList;
			buildConfigurations = (
				73ED99C018E16C4500FF76D6 /* Debug */,
				73ED99C118E16C4500FF76D6 /* Release */,
			);
			defaultConfigurationIsVisible = 0;
			defaultConfigurationName = Release;
		};
/* End XCConfigurationList section */
	};
	rootObject = 73ED997F18E16C4500FF76D6 /* Project object */;
}
